
Microsoft Visual Studio Solution File, Format Version 12.00
# Visual Studio Version 17
VisualStudioVersion = 17.12.35527.113 d17.12
MinimumVisualStudioVersion = 10.0.40219.1
Project("{FAE04EC0-301F-11D3-BF4B-00C04F79EFBC}") = "Application", "Application\Application.csproj", "{A9922FE0-9CEA-4B57-9FDB-DC1ADA258319}"
EndProject
Project("{FAE04EC0-301F-11D3-BF4B-00C04F79EFBC}") = "Models", "Models\Models.csproj", "{D14A8FD8-B071-4D88-9576-4F8B0A9D4082}"
EndProject
Project("{FAE04EC0-301F-11D3-BF4B-00C04F79EFBC}") = "Repositories", "Repositories\Repositories.csproj", "{03B3948D-A6AF-49BD-9C52-CF791CE9D5A9}"
EndProject
Project("{FAE04EC0-301F-11D3-BF4B-00C04F79EFBC}") = "Service", "Service\Service.csproj", "{996FDABC-6BFA-46FB-86B9-1F98ACE7C1A6}"
EndProject
Global
	GlobalSection(SolutionConfigurationPlatforms) = preSolution
		Debug|Any CPU = Debug|Any CPU
		Release|Any CPU = Release|Any CPU
	EndGlobalSection
	GlobalSection(ProjectConfigurationPlatforms) = postSolution
		{A9922FE0-9CEA-4B57-9FDB-DC1ADA258319}.Debug|Any CPU.ActiveCfg = Debug|Any CPU
		{A9922FE0-9CEA-4B57-9FDB-DC1ADA258319}.Debug|Any CPU.Build.0 = Debug|Any CPU
		{A9922FE0-9CEA-4B57-9FDB-DC1ADA258319}.Release|Any CPU.ActiveCfg = Release|Any CPU
		{A9922FE0-9CEA-4B57-9FDB-DC1ADA258319}.Release|Any CPU.Build.0 = Release|Any CPU
		{D14A8FD8-B071-4D88-9576-4F8B0A9D4082}.Debug|Any CPU.ActiveCfg = Debug|Any CPU
		{D14A8FD8-B071-4D88-9576-4F8B0A9D4082}.Debug|Any CPU.Build.0 = Debug|Any CPU
		{D14A8FD8-B071-4D88-9576-4F8B0A9D4082}.Release|Any CPU.ActiveCfg = Release|Any CPU
		{D14A8FD8-B071-4D88-9576-4F8B0A9D4082}.Release|Any CPU.Build.0 = Release|Any CPU
		{03B3948D-A6AF-49BD-9C52-CF791CE9D5A9}.Debug|Any CPU.ActiveCfg = Debug|Any CPU
		{03B3948D-A6AF-49BD-9C52-CF791CE9D5A9}.Debug|Any CPU.Build.0 = Debug|Any CPU
		{03B3948D-A6AF-49BD-9C52-CF791CE9D5A9}.Release|Any CPU.ActiveCfg = Release|Any CPU
		{03B3948D-A6AF-49BD-9C52-CF791CE9D5A9}.Release|Any CPU.Build.0 = Release|Any CPU
		{996FDABC-6BFA-46FB-86B9-1F98ACE7C1A6}.Debug|Any CPU.ActiveCfg = Debug|Any CPU
		{996FDABC-6BFA-46FB-86B9-1F98ACE7C1A6}.Debug|Any CPU.Build.0 = Debug|Any CPU
		{996FDABC-6BFA-46FB-86B9-1F98ACE7C1A6}.Release|Any CPU.ActiveCfg = Release|Any CPU
		{996FDABC-6BFA-46FB-86B9-1F98ACE7C1A6}.Release|Any CPU.Build.0 = Release|Any CPU
	EndGlobalSection
	GlobalSection(SolutionProperties) = preSolution
		HideSolutionNode = FALSE
	EndGlobalSection
EndGlobal
